{
  "name": "ProyectoIcarus",
  "lockfileVersion": 2,
  "requires": true,
  "packages": {
    "": {
      "dependencies": {
        "bootstrap": "^5.1.3",
        "svelte": "^3.48.0",
        "sveltestrap": "^5.9.0"
      }
    },
    "node_modules/@popperjs/core": {
      "version": "2.11.5",
      "resolved": "https://registry.npmjs.org/@popperjs/core/-/core-2.11.5.tgz",
      "integrity": "sha512-9X2obfABZuDVLCgPK9aX0a/x4jaOEweTTWE2+9sr0Qqqevj2Uv5XorvusThmc9XGYpS9yI+fhh8RTafBtGposw==",
      "funding": {
        "type": "opencollective",
        "url": "https://opencollective.com/popperjs"
      }
    },
    "node_modules/bootstrap": {
      "version": "5.1.3",
      "resolved": "https://registry.npmjs.org/bootstrap/-/bootstrap-5.1.3.tgz",
      "integrity": "sha512-fcQztozJ8jToQWXxVuEyXWW+dSo8AiXWKwiSSrKWsRB/Qt+Ewwza+JWoLKiTuQLaEPhdNAJ7+Dosc9DOIqNy7Q==",
      "funding": {
        "type": "opencollective",
        "url": "https://opencollective.com/bootstrap"
      },
      "peerDependencies": {
        "@popperjs/core": "^2.10.2"
      }
    },
    "node_modules/svelte": {
      "version": "3.48.0",
      "resolved": "https://registry.npmjs.org/svelte/-/svelte-3.48.0.tgz",
      "integrity": "sha512-fN2YRm/bGumvjUpu6yI3BpvZnpIm9I6A7HR4oUNYd7ggYyIwSA/BX7DJ+UXXffLp6XNcUijyLvttbPVCYa/3xQ==",
      "engines": {
        "node": ">= 8"
      }
    },
    "node_modules/sveltestrap": {
      "version": "5.9.0",
      "resolved": "https://registry.npmjs.org/sveltestrap/-/sveltestrap-5.9.0.tgz",
      "integrity": "sha512-ZSiYKYrKhDMhhbamnAFK3RK/uqUdcLgjae5Fk3GYdv6Ccth0tN2y6vSg+Vp/PBTYc51u08ZwnYvt8SfWSRNCMA==",
      "dependencies": {
        "@popperjs/core": "^2.9.2"
      },
      "peerDependencies": {
        "svelte": "^3.29.0"
      }
    }
  },
  "dependencies": {
    "@popperjs/core": {
      "version": "2.11.5",
      "resolved": "https://registry.npmjs.org/@popperjs/core/-/core-2.11.5.tgz",
      "integrity": "sha512-9X2obfABZuDVLCgPK9aX0a/x4jaOEweTTWE2+9sr0Qqqevj2Uv5XorvusThmc9XGYpS9yI+fhh8RTafBtGposw=="
    },
    "bootstrap": {
      "version": "5.1.3",
      "resolved": "https://registry.npmjs.org/bootstrap/-/bootstrap-5.1.3.tgz",
      "integrity": "sha512-fcQztozJ8jToQWXxVuEyXWW+dSo8AiXWKwiSSrKWsRB/Qt+Ewwza+JWoLKiTuQLaEPhdNAJ7+Dosc9DOIqNy7Q==",
      "requires": {}
    },
    "svelte": {
      "version": "3.48.0",
      "resolved": "https://registry.npmjs.org/svelte/-/svelte-3.48.0.tgz",
      "integrity": "sha512-fN2YRm/bGumvjUpu6yI3BpvZnpIm9I6A7HR4oUNYd7ggYyIwSA/BX7DJ+UXXffLp6XNcUijyLvttbPVCYa/3xQ=="
    },
    "sveltestrap": {
      "version": "5.9.0",
      "resolved": "https://registry.npmjs.org/sveltestrap/-/sveltestrap-5.9.0.tgz",
      "integrity": "sha512-ZSiYKYrKhDMhhbamnAFK3RK/uqUdcLgjae5Fk3GYdv6Ccth0tN2y6vSg+Vp/PBTYc51u08ZwnYvt8SfWSRNCMA==",
      "requires": {
        "@popperjs/core": "^2.9.2"
      }
    }
  }
}
